
Microsoft Visual Studio Solution File, Format Version 12.00
# Visual Studio Version 17
VisualStudioVersion = 17.1.32210.238
MinimumVisualStudioVersion = 10.0.40219.1
Project("{FAE04EC0-301F-11D3-BF4B-00C04F79EFBC}") = "BlazorUI", "BlazorUI\BlazorUI.csproj", "{69C1525F-F963-4503-B837-A0E4AEB5C3DC}"
EndProject
Project("{FAE04EC0-301F-11D3-BF4B-00C04F79EFBC}") = "DemoLibrary", "DemoLibrary\DemoLibrary.csproj", "{40FF84D0-A766-4B88-9D35-72A91540F9E2}"
EndProject
Project("{FAE04EC0-301F-11D3-BF4B-00C04F79EFBC}") = "DemoApi", "DemoApi\DemoApi.csproj", "{5C171B9C-DE4A-45D4-B486-0259B6B5980F}"
EndProject
Global
	GlobalSection(SolutionConfigurationPlatforms) = preSolution
		Debug|Any CPU = Debug|Any CPU
		Release|Any CPU = Release|Any CPU
	EndGlobalSection
	GlobalSection(ProjectConfigurationPlatforms) = postSolution
		{69C1525F-F963-4503-B837-A0E4AEB5C3DC}.Debug|Any CPU.ActiveCfg = Debug|Any CPU
		{69C1525F-F963-4503-B837-A0E4AEB5C3DC}.Debug|Any CPU.Build.0 = Debug|Any CPU
		{69C1525F-F963-4503-B837-A0E4AEB5C3DC}.Release|Any CPU.ActiveCfg = Release|Any CPU
		{69C1525F-F963-4503-B837-A0E4AEB5C3DC}.Release|Any CPU.Build.0 = Release|Any CPU
		{40FF84D0-A766-4B88-9D35-72A91540F9E2}.Debug|Any CPU.ActiveCfg = Debug|Any CPU
		{40FF84D0-A766-4B88-9D35-72A91540F9E2}.Debug|Any CPU.Build.0 = Debug|Any CPU
		{40FF84D0-A766-4B88-9D35-72A91540F9E2}.Release|Any CPU.ActiveCfg = Release|Any CPU
		{40FF84D0-A766-4B88-9D35-72A91540F9E2}.Release|Any CPU.Build.0 = Release|Any CPU
		{5C171B9C-DE4A-45D4-B486-0259B6B5980F}.Debug|Any CPU.ActiveCfg = Debug|Any CPU
		{5C171B9C-DE4A-45D4-B486-0259B6B5980F}.Debug|Any CPU.Build.0 = Debug|Any CPU
		{5C171B9C-DE4A-45D4-B486-0259B6B5980F}.Release|Any CPU.ActiveCfg = Release|Any CPU
		{5C171B9C-DE4A-45D4-B486-0259B6B5980F}.Release|Any CPU.Build.0 = Release|Any CPU
	EndGlobalSection
	GlobalSection(SolutionProperties) = preSolution
		HideSolutionNode = FALSE
	EndGlobalSection
	GlobalSection(ExtensibilityGlobals) = postSolution
		SolutionGuid = {24AC48AF-75AC-4ECE-839A-5A62D9E11C3D}
	EndGlobalSection
EndGlobal
